
Microsoft Visual Studio Solution File, Format Version 12.00
# Visual Studio 2013
VisualStudioVersion = 12.0.40629.0
MinimumVisualStudioVersion = 10.0.40219.1
Project("{8BC9CEB8-8B4A-11D0-8D11-00A0C91BC942}") = "NiXnetDotNet", "NiXnetDotNet\NiXnetDotNet.vcxproj", "{769E7CB4-9B0C-484A-A993-01BC933F7CBE}"
EndProject
Project("{FAE04EC0-301F-11D3-BF4B-00C04F79EFBC}") = "NiXnetTestApp", "NiXnetTestApp\NiXnetTestApp.csproj", "{756C8728-50AA-499D-9ADF-79DEA37457CB}"
EndProject
Global
	GlobalSection(SolutionConfigurationPlatforms) = preSolution
		Debug|Any CPU = Debug|Any CPU
		Debug|Mixed Platforms = Debug|Mixed Platforms
		Debug|Win32 = Debug|Win32
		Release|Any CPU = Release|Any CPU
		Release|Mixed Platforms = Release|Mixed Platforms
		Release|Win32 = Release|Win32
	EndGlobalSection
	GlobalSection(ProjectConfigurationPlatforms) = postSolution
		{769E7CB4-9B0C-484A-A993-01BC933F7CBE}.Debug|Any CPU.ActiveCfg = Debug|Win32
		{769E7CB4-9B0C-484A-A993-01BC933F7CBE}.Debug|Mixed Platforms.ActiveCfg = Debug|Win32
		{769E7CB4-9B0C-484A-A993-01BC933F7CBE}.Debug|Mixed Platforms.Build.0 = Debug|Win32
		{769E7CB4-9B0C-484A-A993-01BC933F7CBE}.Debug|Win32.ActiveCfg = Debug|Win32
		{769E7CB4-9B0C-484A-A993-01BC933F7CBE}.Debug|Win32.Build.0 = Debug|Win32
		{769E7CB4-9B0C-484A-A993-01BC933F7CBE}.Release|Any CPU.ActiveCfg = Release|Win32
		{769E7CB4-9B0C-484A-A993-01BC933F7CBE}.Release|Mixed Platforms.ActiveCfg = Release|Win32
		{769E7CB4-9B0C-484A-A993-01BC933F7CBE}.Release|Mixed Platforms.Build.0 = Release|Win32
		{769E7CB4-9B0C-484A-A993-01BC933F7CBE}.Release|Win32.ActiveCfg = Release|Win32
		{769E7CB4-9B0C-484A-A993-01BC933F7CBE}.Release|Win32.Build.0 = Release|Win32
		{756C8728-50AA-499D-9ADF-79DEA37457CB}.Debug|Any CPU.ActiveCfg = Debug|Any CPU
		{756C8728-50AA-499D-9ADF-79DEA37457CB}.Debug|Any CPU.Build.0 = Debug|Any CPU
		{756C8728-50AA-499D-9ADF-79DEA37457CB}.Debug|Mixed Platforms.ActiveCfg = Debug|Any CPU
		{756C8728-50AA-499D-9ADF-79DEA37457CB}.Debug|Mixed Platforms.Build.0 = Debug|Any CPU
		{756C8728-50AA-499D-9ADF-79DEA37457CB}.Debug|Win32.ActiveCfg = Debug|Any CPU
		{756C8728-50AA-499D-9ADF-79DEA37457CB}.Release|Any CPU.ActiveCfg = Release|Any CPU
		{756C8728-50AA-499D-9ADF-79DEA37457CB}.Release|Any CPU.Build.0 = Release|Any CPU
		{756C8728-50AA-499D-9ADF-79DEA37457CB}.Release|Mixed Platforms.ActiveCfg = Release|Any CPU
		{756C8728-50AA-499D-9ADF-79DEA37457CB}.Release|Mixed Platforms.Build.0 = Release|Any CPU
		{756C8728-50AA-499D-9ADF-79DEA37457CB}.Release|Win32.ActiveCfg = Release|Any CPU
	EndGlobalSection
	GlobalSection(SolutionProperties) = preSolution
		HideSolutionNode = FALSE
	EndGlobalSection
EndGlobal
